
Microsoft Visual Studio Solution File, Format Version 12.00
# Visual Studio Version 16
VisualStudioVersion = 16.0.30611.23
MinimumVisualStudioVersion = 10.0.40219.1
Project("{FAE04EC0-301F-11D3-BF4B-00C04F79EFBC}") = "BlazorParameters.Server", "BlazorParameters\Server\BlazorParameters.Server.csproj", "{65E668C0-B0B6-4809-8AEA-4F810C41288A}"
EndProject
Project("{FAE04EC0-301F-11D3-BF4B-00C04F79EFBC}") = "BlazorParameters.Client", "BlazorParameters\Client\BlazorParameters.Client.csproj", "{0672ADE9-5346-4932-B5BD-F6C9D695CB0D}"
EndProject
Project("{FAE04EC0-301F-11D3-BF4B-00C04F79EFBC}") = "BlazorParameters.Shared", "BlazorParameters\Shared\BlazorParameters.Shared.csproj", "{C5A67BA0-6039-47CF-A4FC-0F6B05B631B3}"
EndProject
Global
	GlobalSection(SolutionConfigurationPlatforms) = preSolution
		Debug|Any CPU = Debug|Any CPU
		Release|Any CPU = Release|Any CPU
	EndGlobalSection
	GlobalSection(ProjectConfigurationPlatforms) = postSolution
		{65E668C0-B0B6-4809-8AEA-4F810C41288A}.Debug|Any CPU.ActiveCfg = Debug|Any CPU
		{65E668C0-B0B6-4809-8AEA-4F810C41288A}.Debug|Any CPU.Build.0 = Debug|Any CPU
		{65E668C0-B0B6-4809-8AEA-4F810C41288A}.Release|Any CPU.ActiveCfg = Release|Any CPU
		{65E668C0-B0B6-4809-8AEA-4F810C41288A}.Release|Any CPU.Build.0 = Release|Any CPU
		{0672ADE9-5346-4932-B5BD-F6C9D695CB0D}.Debug|Any CPU.ActiveCfg = Debug|Any CPU
		{0672ADE9-5346-4932-B5BD-F6C9D695CB0D}.Debug|Any CPU.Build.0 = Debug|Any CPU
		{0672ADE9-5346-4932-B5BD-F6C9D695CB0D}.Release|Any CPU.ActiveCfg = Release|Any CPU
		{0672ADE9-5346-4932-B5BD-F6C9D695CB0D}.Release|Any CPU.Build.0 = Release|Any CPU
		{C5A67BA0-6039-47CF-A4FC-0F6B05B631B3}.Debug|Any CPU.ActiveCfg = Debug|Any CPU
		{C5A67BA0-6039-47CF-A4FC-0F6B05B631B3}.Debug|Any CPU.Build.0 = Debug|Any CPU
		{C5A67BA0-6039-47CF-A4FC-0F6B05B631B3}.Release|Any CPU.ActiveCfg = Release|Any CPU
		{C5A67BA0-6039-47CF-A4FC-0F6B05B631B3}.Release|Any CPU.Build.0 = Release|Any CPU
	EndGlobalSection
	GlobalSection(SolutionProperties) = preSolution
		HideSolutionNode = FALSE
	EndGlobalSection
	GlobalSection(ExtensibilityGlobals) = postSolution
		SolutionGuid = {58EF2B99-AE19-40BD-9959-052F4A10C973}
	EndGlobalSection
EndGlobal
